github.com/davecgh/go-spew v1.1.1 h1:vj9j/u1bqnvCEfJOwUhtlOARqs3+rkHYY13jYWTU97c=
github.com/davecgh/go-spew v1.1.1/go.mod h1:J7Y8YcW2NihsgmVo/mv3lAwl/skON4iLHjSsI+c5H38=
github.com/elastic/go-freelru v0.16.0 h1:gG2HJ1WXN2tNl5/p40JS/l59HjvjRhjyAa+oFTRArYs=
github.com/elastic/go-freelru v0.16.0/go.mod h1:bSdWT4M0lW79K8QbX6XY2heQYSCqD7THoYf82pT/H3I=
github.com/google/uuid v1.6.0 h1:NIvaJDMOsjHA8n1jAhLSgzrAzy1Hgr+hNrb57e+94F0=
github.com/google/uuid v1.6.0/go.mod h1:TIyPZe4MgqvfeYDBFedMoGGpEw/LqOeaOT+nhxU+yHo=
github.com/goware/cachestore-mem v0.2.1 h1:8ZIFtzpoFlwnPUKuGeazhuV2qzR4Bk7UslEGyXRZp9E=
github.com/goware/cachestore-mem v0.2.1/go.mod h1:0WU95kEa8kmuYSsqOC/fXg/cGVqj5rsTzjUpQgaJHmw=
github.com/goware/cachestore2 v0.12.0 h1:89renl9yYUrOVrQ8VWxC0q4/3YXa0P6mbTc5k5YiRHc=
github.com/goware/cachestore2 v0.12.0/go.mod h1:PR+lXK8UXa/wjKB7mpIj6HtRhC7vbcRXx4b5F1Av/ik=
github.com/goware/channel v0.4.1 h1:N6AqSuB6ZMOrfezhpQJ2xo5Y6jlJES+m+P+JyyX9XIo=
github.com/goware/channel v0.4.1/go.mod h1:m3JBDrah57BipyVWu8R1eBanf1YacnZRluIVSv0jF/U=
github.com/goware/logger v0.3.0 h1:pdgnsqj2rSDXtfdu+UuAFuBuOapxeDYNETY39227LMM=
github.com/goware/logger v0.3.0/go.mod h1:IC34c5H56R1I4/R/d51aQhzHsjSJqkQyIHyuJxOiu0w=
github.com/goware/pubsub v0.9.2 h1:Lg4lUUU0izqP4U7LaiCZ2kSpKE8DvrYDszn8Ov834Ns=
github.com/goware/pubsub v0.9.2/go.mod h1:YG5zVpYEB9WMbfUeTwU+vwkIJJ/27R+Aqm/HUhn5bfE=
github.com/goware/singleflight v0.3.0 h1:b+OM844fuHzanOlE84WeI+G8YMksUY636v0bdcAfnHE=
github.com/goware/singleflight v0.3.0/go.mod h1:vcmu9KY0BS9WbA3Pn+WOdUQlwT1CPZJm1Fgaz2l88Dc=
github.com/klauspost/cpuid/v2 v2.2.10 h1:tBs3QSyvjDyFTq3uoc/9xFpCuOsJQFNPiAhYdw2skhE=
github.com/klauspost/cpuid/v2 v2.2.10/go.mod h1:hqwkgyIinND0mEev00jJYCxPNVRVXFQeu1XKlok6oO0=
github.com/pmezard/go-difflib v1.0.0 h1:4DBwDE0NGyQoBHbLQYPwSUPoCMWR5BEzIk/f1lZbAQM=
github.com/pmezard/go-difflib v1.0.0/go.mod h1:iKH77koFhYxTK1pcRnkKkqfTogsbg7gZNVY4sRDYZ/4=
github.com/stretchr/testify v1.10.0 h1:Xv5erBjTwe/5IxqUQTdXv5kgmIvbHo3QQyRwhJsOfJA=
github.com/stretchr/testify v1.10.0/go.mod h1:r2ic/lqez/lEtzL7wO/rwa5dbSLXVDPFyf8C91i36aY=
github.com/zeebo/xxh3 v1.0.2 h1:xZmwmqxHZA8AI603jOQ0tMqmBr9lPeFwGg6d+xy9DC0=
github.com/zeebo/xxh3 v1.0.2/go.mod h1:5NWz9Sef7zIDm2JHfFlcQvNekmcEl9ekUZQQKCYaDcA=
golang.org/x/sys v0.30.0 h1:QjkSwP/36a20jFYWkSue1YwXzLmsV5Gfq7Eiy72C1uc=
golang.org/x/sys v0.30.0/go.mod h1:/VUhepiaJMQUp4+oa/7Zr1D23ma6VTLIYjOOTFZPUcA=
gopkg.in/check.v1 v0.0.0-20161208181325-20d25e280405/go.mod h1:Co6ibVJAznAaIkqp8huTwlJQCZ016jof/cbN4VW5Yz0=
gopkg.in/yaml.v3 v3.0.1 h1:fxVm/GzAzEWqLHuvctI91KS9hhNmmWOoWu0XTYJS7CA=
gopkg.in/yaml.v3 v3.0.1/go.mod h1:K4uyk7z7BCEPqu6E+C64Yfv1cQ7kz7rIZviUmN+EgEM=
